
Microsoft Visual Studio Solution File, Format Version 12.00
# Visual Studio 2012
Project("{FAE04EC0-301F-11D3-BF4B-00C04F79EFBC}") = "PlotToPDFService", "PlotToPDFService\PlotToPDFService.csproj", "{68BB35C1-1F8D-41CD-9159-F6F6DA9B8528}"
EndProject
Global
	GlobalSection(SolutionConfigurationPlatforms) = preSolution
		Debug|Any CPU = Debug|Any CPU
		Release|Any CPU = Release|Any CPU
	EndGlobalSection
	GlobalSection(ProjectConfigurationPlatforms) = postSolution
		{68BB35C1-1F8D-41CD-9159-F6F6DA9B8528}.Debug|Any CPU.ActiveCfg = Debug|Any CPU
		{68BB35C1-1F8D-41CD-9159-F6F6DA9B8528}.Debug|Any CPU.Build.0 = Debug|Any CPU
		{68BB35C1-1F8D-41CD-9159-F6F6DA9B8528}.Release|Any CPU.ActiveCfg = Release|Any CPU
		{68BB35C1-1F8D-41CD-9159-F6F6DA9B8528}.Release|Any CPU.Build.0 = Release|Any CPU
	EndGlobalSection
	GlobalSection(SolutionProperties) = preSolution
		HideSolutionNode = FALSE
	EndGlobalSection
EndGlobal
